
Microsoft Visual Studio Solution File, Format Version 12.00
# Visual Studio Version 17
VisualStudioVersion = 17.9.34622.214
MinimumVisualStudioVersion = 10.0.40219.1
Project("{FAE04EC0-301F-11D3-BF4B-00C04F79EFBC}") = "API_AquaSmart", "API_AquaSmart\API_AquaSmart.csproj", "{416F33E6-B292-425E-9EE5-BEBE0319848E}"
EndProject
Global
	GlobalSection(SolutionConfigurationPlatforms) = preSolution
		Debug|Any CPU = Debug|Any CPU
		Release|Any CPU = Release|Any CPU
	EndGlobalSection
	GlobalSection(ProjectConfigurationPlatforms) = postSolution
		{416F33E6-B292-425E-9EE5-BEBE0319848E}.Debug|Any CPU.ActiveCfg = Debug|Any CPU
		{416F33E6-B292-425E-9EE5-BEBE0319848E}.Debug|Any CPU.Build.0 = Debug|Any CPU
		{416F33E6-B292-425E-9EE5-BEBE0319848E}.Release|Any CPU.ActiveCfg = Release|Any CPU
		{416F33E6-B292-425E-9EE5-BEBE0319848E}.Release|Any CPU.Build.0 = Release|Any CPU
	EndGlobalSection
	GlobalSection(SolutionProperties) = preSolution
		HideSolutionNode = FALSE
	EndGlobalSection
	GlobalSection(ExtensibilityGlobals) = postSolution
		SolutionGuid = {A78B24DF-B9F0-4323-9856-1D7077F22FE3}
	EndGlobalSection
EndGlobal
